
Microsoft Visual Studio Solution File, Format Version 12.00
# Visual Studio Version 17
VisualStudioVersion = 17.0.32112.339
MinimumVisualStudioVersion = 10.0.40219.1
Project("{FAE04EC0-301F-11D3-BF4B-00C04F79EFBC}") = "Sine_Draw_Try_01", "Sine_Draw_Try_01.csproj", "{804B98EC-B844-4AA1-B33C-67B92D9309AA}"
EndProject
Global
	GlobalSection(SolutionConfigurationPlatforms) = preSolution
		Debug|Any CPU = Debug|Any CPU
		Release|Any CPU = Release|Any CPU
	EndGlobalSection
	GlobalSection(ProjectConfigurationPlatforms) = postSolution
		{804B98EC-B844-4AA1-B33C-67B92D9309AA}.Debug|Any CPU.ActiveCfg = Debug|Any CPU
		{804B98EC-B844-4AA1-B33C-67B92D9309AA}.Debug|Any CPU.Build.0 = Debug|Any CPU
		{804B98EC-B844-4AA1-B33C-67B92D9309AA}.Release|Any CPU.ActiveCfg = Release|Any CPU
		{804B98EC-B844-4AA1-B33C-67B92D9309AA}.Release|Any CPU.Build.0 = Release|Any CPU
	EndGlobalSection
	GlobalSection(SolutionProperties) = preSolution
		HideSolutionNode = FALSE
	EndGlobalSection
	GlobalSection(ExtensibilityGlobals) = postSolution
		SolutionGuid = {14FC6DDB-99A8-45E0-8FDB-5D08ED04B575}
	EndGlobalSection
EndGlobal
